
Microsoft Visual Studio Solution File, Format Version 12.00
# Visual Studio 2012
Project("{FAE04EC0-301F-11D3-BF4B-00C04F79EFBC}") = "SGNMobile.Android", "SGNMobile.Android\SGNMobile.Android.csproj", "{E344C56D-582B-4F9B-ABCC-C470272FC816}"
EndProject
Project("{FAE04EC0-301F-11D3-BF4B-00C04F79EFBC}") = "SGNMobile.iOS", "SGNMobile.iOS\SGNMobile.iOS.csproj", "{6EF0FF7C-ADFD-4BEC-B178-7D8348ABEBB2}"
EndProject
Project("{FAE04EC0-301F-11D3-BF4B-00C04F79EFBC}") = "SGNMobile.UITests", "SGNMobile.UITests\SGNMobile.UITests.csproj", "{B19C892E-2628-4CA7-AD27-08D406A3B14B}"
EndProject
Project("{D954291E-2A0B-460D-934E-DC6B0785DB48}") = "SGNMobile", "SGNMobile\SGNMobile.shproj", "{F9E75F74-F13C-418D-9704-50D8F834D99D}"
EndProject
Global
	GlobalSection(SolutionConfigurationPlatforms) = preSolution
		Debug|Any CPU = Debug|Any CPU
		Release|Any CPU = Release|Any CPU
		Debug|iPhoneSimulator = Debug|iPhoneSimulator
		Release|iPhoneSimulator = Release|iPhoneSimulator
		Debug|iPhone = Debug|iPhone
		Release|iPhone = Release|iPhone
		Ad-Hoc|iPhone = Ad-Hoc|iPhone
		AppStore|iPhone = AppStore|iPhone
	EndGlobalSection
	GlobalSection(ProjectConfigurationPlatforms) = postSolution
		{E344C56D-582B-4F9B-ABCC-C470272FC816}.Debug|Any CPU.ActiveCfg = Debug|Any CPU
		{E344C56D-582B-4F9B-ABCC-C470272FC816}.Debug|Any CPU.Build.0 = Debug|Any CPU
		{E344C56D-582B-4F9B-ABCC-C470272FC816}.Release|Any CPU.ActiveCfg = Release|Any CPU
		{E344C56D-582B-4F9B-ABCC-C470272FC816}.Release|Any CPU.Build.0 = Release|Any CPU
		{E344C56D-582B-4F9B-ABCC-C470272FC816}.Debug|iPhoneSimulator.ActiveCfg = Debug|Any CPU
		{E344C56D-582B-4F9B-ABCC-C470272FC816}.Debug|iPhoneSimulator.Build.0 = Debug|Any CPU
		{E344C56D-582B-4F9B-ABCC-C470272FC816}.Release|iPhoneSimulator.ActiveCfg = Release|Any CPU
		{E344C56D-582B-4F9B-ABCC-C470272FC816}.Release|iPhoneSimulator.Build.0 = Release|Any CPU
		{E344C56D-582B-4F9B-ABCC-C470272FC816}.Debug|iPhone.ActiveCfg = Debug|Any CPU
		{E344C56D-582B-4F9B-ABCC-C470272FC816}.Debug|iPhone.Build.0 = Debug|Any CPU
		{E344C56D-582B-4F9B-ABCC-C470272FC816}.Release|iPhone.ActiveCfg = Release|Any CPU
		{E344C56D-582B-4F9B-ABCC-C470272FC816}.Release|iPhone.Build.0 = Release|Any CPU
		{E344C56D-582B-4F9B-ABCC-C470272FC816}.Ad-Hoc|iPhone.ActiveCfg = Debug|Any CPU
		{E344C56D-582B-4F9B-ABCC-C470272FC816}.Ad-Hoc|iPhone.Build.0 = Debug|Any CPU
		{E344C56D-582B-4F9B-ABCC-C470272FC816}.AppStore|iPhone.ActiveCfg = Debug|Any CPU
		{E344C56D-582B-4F9B-ABCC-C470272FC816}.AppStore|iPhone.Build.0 = Debug|Any CPU
		{6EF0FF7C-ADFD-4BEC-B178-7D8348ABEBB2}.Debug|Any CPU.ActiveCfg = Debug|iPhoneSimulator
		{6EF0FF7C-ADFD-4BEC-B178-7D8348ABEBB2}.Debug|Any CPU.Build.0 = Debug|iPhoneSimulator
		{6EF0FF7C-ADFD-4BEC-B178-7D8348ABEBB2}.Release|Any CPU.ActiveCfg = Release|iPhoneSimulator
		{6EF0FF7C-ADFD-4BEC-B178-7D8348ABEBB2}.Release|Any CPU.Build.0 = Release|iPhoneSimulator
		{6EF0FF7C-ADFD-4BEC-B178-7D8348ABEBB2}.Debug|iPhoneSimulator.ActiveCfg = Debug|iPhoneSimulator
		{6EF0FF7C-ADFD-4BEC-B178-7D8348ABEBB2}.Debug|iPhoneSimulator.Build.0 = Debug|iPhoneSimulator
		{6EF0FF7C-ADFD-4BEC-B178-7D8348ABEBB2}.Release|iPhoneSimulator.ActiveCfg = Release|iPhoneSimulator
		{6EF0FF7C-ADFD-4BEC-B178-7D8348ABEBB2}.Release|iPhoneSimulator.Build.0 = Release|iPhoneSimulator
		{6EF0FF7C-ADFD-4BEC-B178-7D8348ABEBB2}.Debug|iPhone.ActiveCfg = Debug|iPhone
		{6EF0FF7C-ADFD-4BEC-B178-7D8348ABEBB2}.Debug|iPhone.Build.0 = Debug|iPhone
		{6EF0FF7C-ADFD-4BEC-B178-7D8348ABEBB2}.Release|iPhone.ActiveCfg = Release|iPhone
		{6EF0FF7C-ADFD-4BEC-B178-7D8348ABEBB2}.Release|iPhone.Build.0 = Release|iPhone
		{6EF0FF7C-ADFD-4BEC-B178-7D8348ABEBB2}.Ad-Hoc|iPhone.ActiveCfg = Ad-Hoc|iPhone
		{6EF0FF7C-ADFD-4BEC-B178-7D8348ABEBB2}.Ad-Hoc|iPhone.Build.0 = Ad-Hoc|iPhone
		{6EF0FF7C-ADFD-4BEC-B178-7D8348ABEBB2}.AppStore|iPhone.ActiveCfg = AppStore|iPhone
		{6EF0FF7C-ADFD-4BEC-B178-7D8348ABEBB2}.AppStore|iPhone.Build.0 = AppStore|iPhone
		{B19C892E-2628-4CA7-AD27-08D406A3B14B}.Debug|Any CPU.ActiveCfg = Debug|Any CPU
		{B19C892E-2628-4CA7-AD27-08D406A3B14B}.Debug|Any CPU.Build.0 = Debug|Any CPU
		{B19C892E-2628-4CA7-AD27-08D406A3B14B}.Release|Any CPU.ActiveCfg = Release|Any CPU
		{B19C892E-2628-4CA7-AD27-08D406A3B14B}.Release|Any CPU.Build.0 = Release|Any CPU
		{B19C892E-2628-4CA7-AD27-08D406A3B14B}.Debug|iPhoneSimulator.ActiveCfg = Debug|Any CPU
		{B19C892E-2628-4CA7-AD27-08D406A3B14B}.Debug|iPhoneSimulator.Build.0 = Debug|Any CPU
		{B19C892E-2628-4CA7-AD27-08D406A3B14B}.Release|iPhoneSimulator.ActiveCfg = Release|Any CPU
		{B19C892E-2628-4CA7-AD27-08D406A3B14B}.Release|iPhoneSimulator.Build.0 = Release|Any CPU
		{B19C892E-2628-4CA7-AD27-08D406A3B14B}.Debug|iPhone.ActiveCfg = Debug|Any CPU
		{B19C892E-2628-4CA7-AD27-08D406A3B14B}.Debug|iPhone.Build.0 = Debug|Any CPU
		{B19C892E-2628-4CA7-AD27-08D406A3B14B}.Release|iPhone.ActiveCfg = Release|Any CPU
		{B19C892E-2628-4CA7-AD27-08D406A3B14B}.Release|iPhone.Build.0 = Release|Any CPU
		{B19C892E-2628-4CA7-AD27-08D406A3B14B}.Ad-Hoc|iPhone.ActiveCfg = Debug|Any CPU
		{B19C892E-2628-4CA7-AD27-08D406A3B14B}.Ad-Hoc|iPhone.Build.0 = Debug|Any CPU
		{B19C892E-2628-4CA7-AD27-08D406A3B14B}.AppStore|iPhone.ActiveCfg = Debug|Any CPU
		{B19C892E-2628-4CA7-AD27-08D406A3B14B}.AppStore|iPhone.Build.0 = Debug|Any CPU
	EndGlobalSection
EndGlobal
